github.com/Masterminds/semver/v3 v3.2.1 h1:RN9w6+7QoMeJVGyfmbcgs28Br8cvmnucEXnY0rYXWg0=
github.com/Masterminds/semver/v3 v3.2.1/go.mod h1:qvl/7zhW3nngYb5+80sSMF+FG2BjYrf8m9wsX0PNOMQ=
github.com/aws/aws-cdk-go/awscdk/v2 v2.111.0 h1:JnGTHsoTNXDQmgxeqafR64Gx43dyFC/5zc5q5+uUuec=
github.com/aws/aws-cdk-go/awscdk/v2 v2.111.0/go.mod h1:NuvzNmRjbXEofQ35qpl8U+FtjiH+rNKFQXRzSWkOnI8=
github.com/aws/aws-sdk-go v1.48.10 h1:0LIFG3wp2Dt6PsxKWCg1Y1xRrn2vZnW5/gWdgaBalKg=
github.com/aws/aws-sdk-go v1.48.10/go.mod h1:LF8svs817+Nz+DmiMQKTO3ubZ/6IaTpq3TjupRn3Eqk=
github.com/aws/aws-sdk-go-v2 v1.23.4 h1:2P20ZjH0ouSAu/6yZep8oCmTReathLuEu6dwoqEgjts=
github.com/aws/aws-sdk-go-v2 v1.23.4/go.mod h1:t3szzKfP0NeRU27uBFczDivYJjsmSnqI8kIvKyWb9ds=
github.com/aws/aws-sdk-go-v2/config v1.25.10 h1:qw/e8emDtNufTkrAU86DlQ18DruMyyM7ttW6Lgwp4v0=
github.com/aws/aws-sdk-go-v2/config v1.25.10/go.mod h1:203YiAtb6XyoGxXMPsUVwEcuxCiTQY/r8P27IDjfvMc=
github.com/aws/aws-sdk-go-v2/credentials v1.16.8 h1:phw9nRLy/77bPk6Mfu2SHCOnHwfVB7WWrOa5rZIY2Fc=
github.com/aws/aws-sdk-go-v2/credentials v1.16.8/go.mod h1:MrS4SOin6adbO6wgWhdifyPiq+TX7fPPwyA/ZLC1F5M=
github.com/aws/aws-sdk-go-v2/feature/ec2/imds v1.14.8 h1:tQZLSPC2Zj2CqZHonLmWEvCsbpMX5tQvaYJWHadcPek=
github.com/aws/aws-sdk-go-v2/feature/ec2/imds v1.14.8/go.mod h1:5+YpvTHDFffykWr5qAGjqwoh8oVYZOddL3sSrEN7lws=
github.com/aws/aws-sdk-go-v2/internal/configsources v1.2.7 h1:eMqD7ku6WGdmcWWXPYun9m6yk6feSULLhJlAtN6rYG4=
github.com/aws/aws-sdk-go-v2/internal/configsources v1.2.7/go.mod h1:0oBIfcDV6LScxEW0VgOqxT3e4aqKRp+SYhB9wAd5E3Q=
github.com/aws/aws-sdk-go-v2/internal/endpoints/v2 v2.5.7 h1:+XYhWhgWs5F3Zx8oa49CXzNvfXrItaDjZB/M172fcHQ=
github.com/aws/aws-sdk-go-v2/internal/endpoints/v2 v2.5.7/go.mod h1:L6tcSRyCGxcKfDWUrmv2jv8G1cLDU7d0FUpEFpG9bVE=
github.com/aws/aws-sdk-go-v2/internal/ini v1.7.1 h1:uR9lXYjdPX0xY+NhvaJ4dD8rpSRz5VY81ccIIoNG+lw=
github.com/aws/aws-sdk-go-v2/internal/ini v1.7.1/go.mod h1:6fQQgfuGmw8Al/3M2IgIllycxV7ZW7WCdVSqfBeUiCY=
github.com/aws/aws-sdk-go-v2/internal/v4a v1.2.7 h1:3VaUNB1LclLomv82VnP5QnxAfowG+Ro4m82+af9wjZ4=
github.com/aws/aws-sdk-go-v2/internal/v4a v1.2.7/go.mod h1:D5i0c+qvEY0LV5F4elFZd+mYnvHQbufCLHNHoBfQR2g=
github.com/aws/aws-sdk-go-v2/service/cloudformation v1.41.1 h1:nw4m86MbufdYVUZQLVHZt3ZCPzYHmSc90rMv5FfxyE4=
github.com/aws/aws-sdk-go-v2/service/cloudformation v1.41.1/go.mod h1:KQ2pIRfEEtAO5/6tgnOH1EeRurXvSv/TqG20jpRWGic=
github.com/aws/aws-sdk-go-v2/service/eventbridge v1.26.1 h1:QYOoMd15u8f30dEBqWgPm6P+l5+6EZ9O4ifpLTF5Sqc=
github.com/aws/aws-sdk-go-v2/service/eventbridge v1.26.1/go.mod h1:gygD37EGouKmykQmtWhtgKnwl1Ysp/FwSFG6gWo1N9M=
github.com/aws/aws-sdk-go-v2/service/iam v1.28.1 h1:8hPt8pYpl5SVx5dpdbqyplZcbEVsORngFT9oyz1kg20=
github.com/aws/aws-sdk-go-v2/service/iam v1.28.1/go.mod h1:mDBl4I2h0uNgx89a+Cer1TA8PN/nMO+maQYUA6nw8c4=
github.com/aws/aws-sdk-go-v2/service/internal/accept-encoding v1.10.3 h1:e3PCNeEaev/ZF01cQyNZgmYE9oYYePIMJs2mWSKG514=
github.com/aws/aws-sdk-go-v2/service/internal/accept-encoding v1.10.3/go.mod h1:gIeeNyaL8tIEqZrzAnTeyhHcE0yysCtcaP+N9kxLZ+E=
github.com/aws/aws-sdk-go-v2/service/internal/presigned-url v1.10.7 h1:dU+ZyhvqMB/T/TxjGagHMCdyUiqaThRIaMu3YvKiSQI=
github.com/aws/aws-sdk-go-v2/service/internal/presigned-url v1.10.7/go.mod h1:SGORuNqoXyWfTvTp/gBGJfv8jRvW/+nha0XhnIXVI+o=
github.com/aws/aws-sdk-go-v2/service/sso v1.18.1 h1:V40g2daNO3l1J94JYwqfkyvQMYXi5I25fs3fNQW8iDs=
github.com/aws/aws-sdk-go-v2/service/sso v1.18.1/go.mod h1:0ZWQJP/mBOUxkCvZKybZNz1XmdUKSBxoF0dzgfxtvDs=
github.com/aws/aws-sdk-go-v2/service/ssooidc v1.21.1 h1:uQrj7SpUNC3r55vc1CDh3qV9wJC66lz546xM9dhSo5s=
github.com/aws/aws-sdk-go-v2/service/ssooidc v1.21.1/go.mod h1:oyaTk5xEAOuPXX1kCD7HmIeuLqdj3Bk5yGkqGXtGi14=
github.com/aws/aws-sdk-go-v2/service/sts v1.26.1 h1:K33V7L0XDdb23FMOZySr8bon1jou5SHn1fiv7NJ1SUg=
github.com/aws/aws-sdk-go-v2/service/sts v1.26.1/go.mod h1:YtXUl/sfnS06VksYhr855hTQf2HphfT1Xv/EwuzbPjg=
github.com/aws/constructs-go/constructs/v10 v10.3.0 h1:LsjBIMiaDX/vqrXWhzTquBJ9pPdi02/H+z1DCwg0PEM=
github.com/aws/constructs-go/constructs/v10 v10.3.0/go.mod h1:GgzwIwoRJ2UYsr3SU+JhAl+gq5j39bEMYf8ev3J+s9s=
github.com/aws/jsii-runtime-go v1.91.0 h1:KJAgMbRY7/Cp2ocV5rIf4GmLBiFYYAMYVDeAebP2kfE=
github.com/aws/jsii-runtime-go v1.91.0/go.mod h1:xLBI2fKjWK68+eqqmvkv4HL1f4YUPLiAi5BT3wNUD74=
github.com/aws/smithy-go v1.18.1 h1:pOdBTUfXNazOlxLrgeYalVnuTpKreACHtc62xLwIB3c=
github.com/aws/smithy-go v1.18.1/go.mod h1:NukqUGpCZIILqqiV0NIjeFh24kd/FAa4beRb6nbIUPE=
github.com/awslabs/goformation/v7 v7.12.11 h1:AuDYxxBycdBZWo6JRK5ccIYBfaPh+TrqSSR8ENywqLY=
github.com/awslabs/goformation/v7 v7.12.11/go.mod h1:AZNWh8A4yQtcdm/AmjuzcGpgG0Rai9PJbMcZMTwQdPM=
github.com/cdklabs/awscdk-asset-awscli-go/awscliv1/v2 v2.2.201 h1:0za9Qxne1jWawrxUnoli/zDVgBptS5nZpFrdLmxP5wA=
github.com/cdklabs/awscdk-asset-awscli-go/awscliv1/v2 v2.2.201/go.mod h1:SrEoz1cauDlwKmCqgcE6JsfbW54xuz0R5O5IADdjUHo=
github.com/cdklabs/awscdk-asset-kubectl-go/kubectlv20/v2 v2.1.2 h1:k+WD+6cERd59Mao84v0QtRrcdZuuSMfzlEmuIypKnVs=
github.com/cdklabs/awscdk-asset-kubectl-go/kubectlv20/v2 v2.1.2/go.mod h1:CvFHBo0qcg8LUkJqIxQtP1rD/sNGv9bX3L2vHT2FUAo=
github.com/cdklabs/awscdk-asset-node-proxy-agent-go/nodeproxyagentv6/v2 v2.0.1 h1:MBBQNKKPJ5GArbctgwpiCy7KmwGjHDjUUH5wEzwIq8w=
github.com/cdklabs/awscdk-asset-node-proxy-agent-go/nodeproxyagentv6/v2 v2.0.1/go.mod h1:/2WiXEft9s8ViJjD01CJqDuyJ8HXBjhBLtK5OvJfdSc=
github.com/davecgh/go-spew v1.1.0/go.mod h1:J7Y8YcW2NihsgmVo/mv3lAwl/skON4iLHjSsI+c5H38=
github.com/ghodss/yaml v1.0.0 h1:wQHKEahhL6wmXdzwWG11gIVCkOv05bNOh+Rxn0yngAk=
github.com/ghodss/yaml v1.0.0/go.mod h1:4dBDuWmgqj2HViK6kFavaiC9ZROes6MMH2rRYeMEF04=
github.com/jmespath/go-jmespath v0.4.0 h1:BEgLn5cpjn8UN1mAw4NjwDrS35OdebyEtFe+9YPoQUg=
github.com/jmespath/go-jmespath v0.4.0/go.mod h1:T8mJZnbsbmF+m6zOOFylbeCJqk5+pHWvzYPziyZiYoo=
github.com/jmespath/go-jmespath/internal/testify v1.5.1/go.mod h1:L3OGu8Wl2/fWfCI6z80xFu9LTZmf1ZRjMHUOPmWr69U=
github.com/pmezard/go-difflib v1.0.0/go.mod h1:iKH77koFhYxTK1pcRnkKkqfTogsbg7gZNVY4sRDYZ/4=
github.com/stretchr/objx v0.1.0/go.mod h1:HFkY916IF+rwdDfMAkV7OtwuqBVzrE8GR6GFx+wExME=
gopkg.in/check.v1 v0.0.0-20161208181325-20d25e280405/go.mod h1:Co6ibVJAznAaIkqp8huTwlJQCZ016jof/cbN4VW5Yz0=
gopkg.in/yaml.v2 v2.2.8 h1:obN1ZagJSUGI0Ek/LBmuj4SNLPfIny3KsKFopxRdj10=
gopkg.in/yaml.v2 v2.2.8/go.mod h1:hI93XBmqTisBFMUTm0b8Fm+jr3Dg1NNxqwp+5A1VGuI=
gopkg.in/yaml.v3 v3.0.1 h1:fxVm/GzAzEWqLHuvctI91KS9hhNmmWOoWu0XTYJS7CA=
gopkg.in/yaml.v3 v3.0.1/go.mod h1:K4uyk7z7BCEPqu6E+C64Yfv1cQ7kz7rIZviUmN+EgEM=
